<Solution>
  <Folder Name="/src/">
    <Project Path="src/MedicalAssistance.Ingestion.Api/MedicalAssistance.Ingestion.Api.csproj" />
  </Folder>
  <Folder Name="/tests/">
    <Project Path="tests/MedicalAssistance.Ingestion.Api.Tests/MedicalAssistance.Ingestion.Api.Tests.csproj" />
  </Folder>
</Solution>
